
Microsoft Visual Studio Solution File, Format Version 12.00
# Visual Studio Version 17
VisualStudioVersion = 17.8.34309.116
MinimumVisualStudioVersion = 10.0.40219.1
Project("{9A19103F-16F7-4668-BE54-9A1E7A4F7556}") = "BlazorApp1", "BlazorApp1.csproj", "{98CA74EA-C584-4A9F-AA8F-853198784AC8}"
EndProject
Global
	GlobalSection(SolutionConfigurationPlatforms) = preSolution
		Debug|Any CPU = Debug|Any CPU
		Release|Any CPU = Release|Any CPU
	EndGlobalSection
	GlobalSection(ProjectConfigurationPlatforms) = postSolution
		{98CA74EA-C584-4A9F-AA8F-853198784AC8}.Debug|Any CPU.ActiveCfg = Debug|Any CPU
		{98CA74EA-C584-4A9F-AA8F-853198784AC8}.Debug|Any CPU.Build.0 = Debug|Any CPU
		{98CA74EA-C584-4A9F-AA8F-853198784AC8}.Release|Any CPU.ActiveCfg = Release|Any CPU
		{98CA74EA-C584-4A9F-AA8F-853198784AC8}.Release|Any CPU.Build.0 = Release|Any CPU
	EndGlobalSection
	GlobalSection(SolutionProperties) = preSolution
		HideSolutionNode = FALSE
	EndGlobalSection
	GlobalSection(ExtensibilityGlobals) = postSolution
		SolutionGuid = {25931647-F4CA-4A8B-939D-34EAE564C4B5}
	EndGlobalSection
EndGlobal
